
Microsoft Visual Studio Solution File, Format Version 12.00
# Visual Studio Version 16
VisualStudioVersion = 16.0.31605.320
MinimumVisualStudioVersion = 10.0.40219.1
Project("{FAE04EC0-301F-11D3-BF4B-00C04F79EFBC}") = "MvcStok", "MvcStok\MvcStok.csproj", "{EA11E15E-3BC0-4E98-855E-792963D5092A}"
EndProject
Global
	GlobalSection(SolutionConfigurationPlatforms) = preSolution
		Debug|Any CPU = Debug|Any CPU
		Release|Any CPU = Release|Any CPU
	EndGlobalSection
	GlobalSection(ProjectConfigurationPlatforms) = postSolution
		{EA11E15E-3BC0-4E98-855E-792963D5092A}.Debug|Any CPU.ActiveCfg = Debug|Any CPU
		{EA11E15E-3BC0-4E98-855E-792963D5092A}.Debug|Any CPU.Build.0 = Debug|Any CPU
		{EA11E15E-3BC0-4E98-855E-792963D5092A}.Release|Any CPU.ActiveCfg = Release|Any CPU
		{EA11E15E-3BC0-4E98-855E-792963D5092A}.Release|Any CPU.Build.0 = Release|Any CPU
	EndGlobalSection
	GlobalSection(SolutionProperties) = preSolution
		HideSolutionNode = FALSE
	EndGlobalSection
	GlobalSection(ExtensibilityGlobals) = postSolution
		SolutionGuid = {EB73CEFA-F065-4233-9D33-E0B435BF1E95}
	EndGlobalSection
EndGlobal
